
Microsoft Visual Studio Solution File, Format Version 12.00
Project("{FAE04EC0-301F-11D3-BF4B-00C04F79EFBC}") = "DevDistricts", "DevDistricts\DevDistricts.csproj", "{D53B1A49-C203-48F9-9770-B33EA30754AF}"
EndProject
Project("{FAE04EC0-301F-11D3-BF4B-00C04F79EFBC}") = "TestConsole", "TestConsole\TestConsole.csproj", "{88F44BE4-CBF2-4946-B55B-D60389035FAF}"
EndProject
Global
	GlobalSection(SolutionConfigurationPlatforms) = preSolution
		Debug|Any CPU = Debug|Any CPU
		Release|Any CPU = Release|Any CPU
	EndGlobalSection
	GlobalSection(ProjectConfigurationPlatforms) = postSolution
		{D53B1A49-C203-48F9-9770-B33EA30754AF}.Debug|Any CPU.ActiveCfg = Debug|Any CPU
		{D53B1A49-C203-48F9-9770-B33EA30754AF}.Debug|Any CPU.Build.0 = Debug|Any CPU
		{D53B1A49-C203-48F9-9770-B33EA30754AF}.Release|Any CPU.ActiveCfg = Release|Any CPU
		{D53B1A49-C203-48F9-9770-B33EA30754AF}.Release|Any CPU.Build.0 = Release|Any CPU
		{88F44BE4-CBF2-4946-B55B-D60389035FAF}.Debug|Any CPU.ActiveCfg = Debug|Any CPU
		{88F44BE4-CBF2-4946-B55B-D60389035FAF}.Debug|Any CPU.Build.0 = Debug|Any CPU
		{88F44BE4-CBF2-4946-B55B-D60389035FAF}.Release|Any CPU.ActiveCfg = Release|Any CPU
		{88F44BE4-CBF2-4946-B55B-D60389035FAF}.Release|Any CPU.Build.0 = Release|Any CPU
	EndGlobalSection
EndGlobal
